
Microsoft Visual Studio Solution File, Format Version 12.00
# Visual Studio Version 16
VisualStudioVersion = 16.0.29806.167
MinimumVisualStudioVersion = 10.0.40219.1
Project("{FAE04EC0-301F-11D3-BF4B-00C04F79EFBC}") = "EventAggregator", "EventAggregator.csproj", "{FC7D96E5-1EE2-4030-AD0E-C843C11BA822}"
EndProject
Project("{FAE04EC0-301F-11D3-BF4B-00C04F79EFBC}") = "EventAggregatorTest", "EventAggregatorTest\EventAggregatorTest.csproj", "{C2075CB1-FFEF-4E86-A654-8860254DEBD6}"
EndProject
Global
	GlobalSection(SolutionConfigurationPlatforms) = preSolution
		Debug|Any CPU = Debug|Any CPU
		Release|Any CPU = Release|Any CPU
	EndGlobalSection
	GlobalSection(ProjectConfigurationPlatforms) = postSolution
		{FC7D96E5-1EE2-4030-AD0E-C843C11BA822}.Debug|Any CPU.ActiveCfg = Debug|Any CPU
		{FC7D96E5-1EE2-4030-AD0E-C843C11BA822}.Debug|Any CPU.Build.0 = Debug|Any CPU
		{FC7D96E5-1EE2-4030-AD0E-C843C11BA822}.Release|Any CPU.ActiveCfg = Release|Any CPU
		{FC7D96E5-1EE2-4030-AD0E-C843C11BA822}.Release|Any CPU.Build.0 = Release|Any CPU
		{C2075CB1-FFEF-4E86-A654-8860254DEBD6}.Debug|Any CPU.ActiveCfg = Debug|Any CPU
		{C2075CB1-FFEF-4E86-A654-8860254DEBD6}.Debug|Any CPU.Build.0 = Debug|Any CPU
		{C2075CB1-FFEF-4E86-A654-8860254DEBD6}.Release|Any CPU.ActiveCfg = Release|Any CPU
		{C2075CB1-FFEF-4E86-A654-8860254DEBD6}.Release|Any CPU.Build.0 = Release|Any CPU
	EndGlobalSection
	GlobalSection(SolutionProperties) = preSolution
		HideSolutionNode = FALSE
	EndGlobalSection
	GlobalSection(ExtensibilityGlobals) = postSolution
		SolutionGuid = {C0C7F8F5-03FB-427B-B241-0FC650D455E6}
	EndGlobalSection
EndGlobal
